
Microsoft Visual Studio Solution File, Format Version 12.00
# Visual Studio 15
VisualStudioVersion = 15.0.28307.271
MinimumVisualStudioVersion = 10.0.40219.1
Project("{FAE04EC0-301F-11D3-BF4B-00C04F79EFBC}") = "Cat Client", "Cat Client.csproj", "{C6ADA04B-C403-4C28-B5EF-9DD649BE6E4A}"
EndProject
Global
	GlobalSection(SolutionConfigurationPlatforms) = preSolution
		Debug|Any CPU = Debug|Any CPU
		Release|Any CPU = Release|Any CPU
	EndGlobalSection
	GlobalSection(ProjectConfigurationPlatforms) = postSolution
		{C6ADA04B-C403-4C28-B5EF-9DD649BE6E4A}.Debug|Any CPU.ActiveCfg = Debug|Any CPU
		{C6ADA04B-C403-4C28-B5EF-9DD649BE6E4A}.Debug|Any CPU.Build.0 = Debug|Any CPU
		{C6ADA04B-C403-4C28-B5EF-9DD649BE6E4A}.Release|Any CPU.ActiveCfg = Release|Any CPU
		{C6ADA04B-C403-4C28-B5EF-9DD649BE6E4A}.Release|Any CPU.Build.0 = Release|Any CPU
	EndGlobalSection
	GlobalSection(SolutionProperties) = preSolution
		HideSolutionNode = FALSE
	EndGlobalSection
	GlobalSection(ExtensibilityGlobals) = postSolution
		SolutionGuid = {8DE243FF-05DA-430D-B809-1EDB0D2BD3D7}
	EndGlobalSection
EndGlobal
